
Microsoft Visual Studio Solution File, Format Version 12.00
# Visual Studio Version 16
VisualStudioVersion = 16.0.29911.84
MinimumVisualStudioVersion = 10.0.40219.1
Project("{8BC9CEB8-8B4A-11D0-8D11-00A0C91BC942}") = "RaylibStarterCPP", "RaylibStarterCPP\RaylibStarterCPP.vcxproj", "{66F97E22-5E02-4257-B75C-DA71B7A17BFF}"
EndProject
Project("{8BC9CEB8-8B4A-11D0-8D11-00A0C91BC942}") = "AI_Seek", "AI_Seek\AI_Seek.vcxproj", "{94098AF3-3B4F-4B21-911B-8B3D9BDD8358}"
EndProject
Project("{8BC9CEB8-8B4A-11D0-8D11-00A0C91BC942}") = "AI_Agents", "AI_Agents\AI_Agents.vcxproj", "{43C47E4E-2F30-48D7-8ABE-BFA5C5F5798E}"
EndProject
Project("{D954291E-2A0B-460D-934E-DC6B0785DB48}") = "Raylib", "Raylib\Bindings\Raylib.shproj", "{F660FF67-D70E-4AE0-9080-D922243E9B6E}"
EndProject
Project("{FAE04EC0-301F-11D3-BF4B-00C04F79EFBC}") = "RaylibStarterCS", "RaylibStarterCS\RaylibStarterCS.csproj", "{BE6734CB-FA50-4A17-9283-95CF7F16A3B0}"
EndProject
Project("{8BC9CEB8-8B4A-11D0-8D11-00A0C91BC942}") = "AI_Flee", "AI_Flee\AI_Flee.vcxproj", "{B15B71F6-83B8-4DBF-AD7E-0DEF0AD1D729}"
EndProject
Project("{8BC9CEB8-8B4A-11D0-8D11-00A0C91BC942}") = "AI_Arrive", "AI_Arrive\AI_Arrive.vcxproj", "{3EE17924-070D-4E49-AEDF-18FB3131BC0D}"
EndProject
Project("{8BC9CEB8-8B4A-11D0-8D11-00A0C91BC942}") = "AI_Wander", "AI_Wander\AI_Wander.vcxproj", "{8A97479B-6DA2-4242-8078-F694D6DF2650}"
EndProject
Project("{8BC9CEB8-8B4A-11D0-8D11-00A0C91BC942}") = "AI_Blackboards", "AI_Blackboards\AI_Blackboards.vcxproj", "{9D7E02E0-0933-4366-B586-93573BE77232}"
EndProject
Project("{8BC9CEB8-8B4A-11D0-8D11-00A0C91BC942}") = "AI_DijkstrasSearch", "AI_DijkstrasSearch\AI_DijkstrasSearch.vcxproj", "{FA08050D-5807-42E6-9D9E-9ABBE3AF23C9}"
EndProject
Project("{8BC9CEB8-8B4A-11D0-8D11-00A0C91BC942}") = "AI_Flocking", "AI_Flocking\AI_Flocking.vcxproj", "{28B64DF0-2B1F-4051-B4A2-58345C5FCF34}"
EndProject
Project("{8BC9CEB8-8B4A-11D0-8D11-00A0C91BC942}") = "CDDS_BinaryTree", "CDDS_BinaryTree\CDDS_BinaryTree.vcxproj", "{1532490A-1EC5-4851-929D-8A51D4A4C6B1}"
EndProject
Project("{8BC9CEB8-8B4A-11D0-8D11-00A0C91BC942}") = "CDDS_Algorithms", "CDDS_Algorithms\CDDS_Algorithms.vcxproj", "{886E232E-C0B8-47C0-BE5C-5E50D4474893}"
EndProject
Project("{8BC9CEB8-8B4A-11D0-8D11-00A0C91BC942}") = "CDDS_BubbleSort", "CDDS_BubbleSort\CDDS_BubbleSort.vcxproj", "{53165034-7909-4A69-84CB-3AAD6C1E9328}"
EndProject
Project("{8BC9CEB8-8B4A-11D0-8D11-00A0C91BC942}") = "CDDS_ErrorHandling", "CDDS_ErrorHandling\CDDS_ErrorHandling.vcxproj", "{8E5F524F-6436-401E-BE96-6538BEB5F668}"
EndProject
Project("{8BC9CEB8-8B4A-11D0-8D11-00A0C91BC942}") = "AnimatedSprites", "AnimatedSprites\AnimatedSprites.vcxproj", "{7F387FAE-C182-4B65-BBC9-824B2E251F6D}"
EndProject
Project("{8BC9CEB8-8B4A-11D0-8D11-00A0C91BC942}") = "CDDS_Quadtree", "CDDS_Quadtree\CDDS_Quadtree.vcxproj", "{BB6C836E-AFBC-47C7-B537-9010B547E73A}"
EndProject
Project("{8BC9CEB8-8B4A-11D0-8D11-00A0C91BC942}") = "CDDS_InsertionSort", "CDDS_InsertionSort\CDDS_InsertionSort.vcxproj", "{06FF1E88-85F8-431D-9ACD-2F2153F9224D}"
EndProject
Project("{8BC9CEB8-8B4A-11D0-8D11-00A0C91BC942}") = "CDDS_QuickSort", "CDDS_QuickSort\CDDS_QuickSort.vcxproj", "{DF703F14-F9AE-4761-AF3A-DFA49627C2FE}"
EndProject
Project("{8BC9CEB8-8B4A-11D0-8D11-00A0C91BC942}") = "CDDS_Search", "CDDS_Search\CDDS_Search.vcxproj", "{3506D91D-9422-4428-B639-D979373B6878}"
EndProject
Project("{8BC9CEB8-8B4A-11D0-8D11-00A0C91BC942}") = "CDDS_MergeSort", "CDDS_MergeSort\CDDS_MergeSort.vcxproj", "{E964C17A-DC0A-44B1-9D44-2F3DFD0E87D6}"
EndProject
Project("{8BC9CEB8-8B4A-11D0-8D11-00A0C91BC942}") = "CDDS_IPC_EntityDisplay", "CDDS_IPC_EntityDisplay\CDDS_IPC_EntityDisplay.vcxproj", "{591693EC-75B0-46C6-AEBA-BCA20D6ECF66}"
EndProject
Project("{8BC9CEB8-8B4A-11D0-8D11-00A0C91BC942}") = "CDDS_IPC_EntityEditor", "CDDS_IPC_EntityEditor\CDDS_IPC_EntityEditor.vcxproj", "{A443DE1A-0CB4-4D25-901E-B4078F366528}"
EndProject
Project("{8BC9CEB8-8B4A-11D0-8D11-00A0C91BC942}") = "RayGUI_Widgets", "RayGUI_Widgets\RayGUI_Widgets.vcxproj", "{5410FC57-321E-43D5-837C-7A47033041B8}"
EndProject
Project("{8BC9CEB8-8B4A-11D0-8D11-00A0C91BC942}") = "CDDS_Stack", "CDDS_Stack\CDDS_Stack.vcxproj", "{58C45C5A-2D9D-4BBE-A415-77077AE5C1A2}"
EndProject
Project("{8BC9CEB8-8B4A-11D0-8D11-00A0C91BC942}") = "CDDS_Queues_TreasureHunt", "CDDS_Queues_TreasureHunt\CDDS_Queues_TreasureHunt.vcxproj", "{DF8582CA-473A-45CE-B7A4-C17D83D2D5BE}"
EndProject
Project("{8BC9CEB8-8B4A-11D0-8D11-00A0C91BC942}") = "CDDS_Graphs", "CDDS_Graphs\CDDS_Graphs.vcxproj", "{2DAC1653-0AB8-4036-B597-FF4D4152BE6E}"
EndProject
Project("{8BC9CEB8-8B4A-11D0-8D11-00A0C91BC942}") = "AI_Agents_IBehaviour", "AI_Agents_IBehaviour\AI_Agents_IBehaviour.vcxproj", "{C7FC8CCD-3D44-4F42-A3A0-885857776EDF}"
EndProject
Global
	GlobalSection(SharedMSBuildProjectFiles) = preSolution
		Raylib\Bindings\Raylib.projitems*{f660ff67-d70e-4ae0-9080-d922243e9b6e}*SharedItemsImports = 13
	EndGlobalSection
	GlobalSection(SolutionConfigurationPlatforms) = preSolution
		Debug|Any CPU = Debug|Any CPU
		Debug|x64 = Debug|x64
		Debug|x86 = Debug|x86
		Release|Any CPU = Release|Any CPU
		Release|x64 = Release|x64
		Release|x86 = Release|x86
	EndGlobalSection
	GlobalSection(ProjectConfigurationPlatforms) = postSolution
		{66F97E22-5E02-4257-B75C-DA71B7A17BFF}.Debug|Any CPU.ActiveCfg = Debug|Win32
		{66F97E22-5E02-4257-B75C-DA71B7A17BFF}.Debug|x64.ActiveCfg = Debug|x64
		{66F97E22-5E02-4257-B75C-DA71B7A17BFF}.Debug|x64.Build.0 = Debug|x64
		{66F97E22-5E02-4257-B75C-DA71B7A17BFF}.Debug|x86.ActiveCfg = Debug|Win32
		{66F97E22-5E02-4257-B75C-DA71B7A17BFF}.Debug|x86.Build.0 = Debug|Win32
		{66F97E22-5E02-4257-B75C-DA71B7A17BFF}.Release|Any CPU.ActiveCfg = Release|Win32
		{66F97E22-5E02-4257-B75C-DA71B7A17BFF}.Release|x64.ActiveCfg = Release|x64
		{66F97E22-5E02-4257-B75C-DA71B7A17BFF}.Release|x64.Build.0 = Release|x64
		{66F97E22-5E02-4257-B75C-DA71B7A17BFF}.Release|x86.ActiveCfg = Release|Win32
		{66F97E22-5E02-4257-B75C-DA71B7A17BFF}.Release|x86.Build.0 = Release|Win32
		{94098AF3-3B4F-4B21-911B-8B3D9BDD8358}.Debug|Any CPU.ActiveCfg = Debug|Win32
		{94098AF3-3B4F-4B21-911B-8B3D9BDD8358}.Debug|x64.ActiveCfg = Debug|x64
		{94098AF3-3B4F-4B21-911B-8B3D9BDD8358}.Debug|x64.Build.0 = Debug|x64
		{94098AF3-3B4F-4B21-911B-8B3D9BDD8358}.Debug|x86.ActiveCfg = Debug|Win32
		{94098AF3-3B4F-4B21-911B-8B3D9BDD8358}.Debug|x86.Build.0 = Debug|Win32
		{94098AF3-3B4F-4B21-911B-8B3D9BDD8358}.Release|Any CPU.ActiveCfg = Release|Win32
		{94098AF3-3B4F-4B21-911B-8B3D9BDD8358}.Release|x64.ActiveCfg = Release|x64
		{94098AF3-3B4F-4B21-911B-8B3D9BDD8358}.Release|x64.Build.0 = Release|x64
		{94098AF3-3B4F-4B21-911B-8B3D9BDD8358}.Release|x86.ActiveCfg = Release|Win32
		{94098AF3-3B4F-4B21-911B-8B3D9BDD8358}.Release|x86.Build.0 = Release|Win32
		{43C47E4E-2F30-48D7-8ABE-BFA5C5F5798E}.Debug|Any CPU.ActiveCfg = Debug|Win32
		{43C47E4E-2F30-48D7-8ABE-BFA5C5F5798E}.Debug|x64.ActiveCfg = Debug|x64
		{43C47E4E-2F30-48D7-8ABE-BFA5C5F5798E}.Debug|x64.Build.0 = Debug|x64
		{43C47E4E-2F30-48D7-8ABE-BFA5C5F5798E}.Debug|x86.ActiveCfg = Debug|Win32
		{43C47E4E-2F30-48D7-8ABE-BFA5C5F5798E}.Debug|x86.Build.0 = Debug|Win32
		{43C47E4E-2F30-48D7-8ABE-BFA5C5F5798E}.Release|Any CPU.ActiveCfg = Release|Win32
		{43C47E4E-2F30-48D7-8ABE-BFA5C5F5798E}.Release|x64.ActiveCfg = Release|x64
		{43C47E4E-2F30-48D7-8ABE-BFA5C5F5798E}.Release|x64.Build.0 = Release|x64
		{43C47E4E-2F30-48D7-8ABE-BFA5C5F5798E}.Release|x86.ActiveCfg = Release|Win32
		{43C47E4E-2F30-48D7-8ABE-BFA5C5F5798E}.Release|x86.Build.0 = Release|Win32
		{BE6734CB-FA50-4A17-9283-95CF7F16A3B0}.Debug|Any CPU.ActiveCfg = Debug|Any CPU
		{BE6734CB-FA50-4A17-9283-95CF7F16A3B0}.Debug|Any CPU.Build.0 = Debug|Any CPU
		{BE6734CB-FA50-4A17-9283-95CF7F16A3B0}.Debug|x64.ActiveCfg = Debug|Any CPU
		{BE6734CB-FA50-4A17-9283-95CF7F16A3B0}.Debug|x64.Build.0 = Debug|Any CPU
		{BE6734CB-FA50-4A17-9283-95CF7F16A3B0}.Debug|x86.ActiveCfg = Debug|Any CPU
		{BE6734CB-FA50-4A17-9283-95CF7F16A3B0}.Debug|x86.Build.0 = Debug|Any CPU
		{BE6734CB-FA50-4A17-9283-95CF7F16A3B0}.Release|Any CPU.ActiveCfg = Release|Any CPU
		{BE6734CB-FA50-4A17-9283-95CF7F16A3B0}.Release|Any CPU.Build.0 = Release|Any CPU
		{BE6734CB-FA50-4A17-9283-95CF7F16A3B0}.Release|x64.ActiveCfg = Release|Any CPU
		{BE6734CB-FA50-4A17-9283-95CF7F16A3B0}.Release|x64.Build.0 = Release|Any CPU
		{BE6734CB-FA50-4A17-9283-95CF7F16A3B0}.Release|x86.ActiveCfg = Release|Any CPU
		{BE6734CB-FA50-4A17-9283-95CF7F16A3B0}.Release|x86.Build.0 = Release|Any CPU
		{B15B71F6-83B8-4DBF-AD7E-0DEF0AD1D729}.Debug|Any CPU.ActiveCfg = Debug|Win32
		{B15B71F6-83B8-4DBF-AD7E-0DEF0AD1D729}.Debug|x64.ActiveCfg = Debug|x64
		{B15B71F6-83B8-4DBF-AD7E-0DEF0AD1D729}.Debug|x64.Build.0 = Debug|x64
		{B15B71F6-83B8-4DBF-AD7E-0DEF0AD1D729}.Debug|x86.ActiveCfg = Debug|Win32
		{B15B71F6-83B8-4DBF-AD7E-0DEF0AD1D729}.Debug|x86.Build.0 = Debug|Win32
		{B15B71F6-83B8-4DBF-AD7E-0DEF0AD1D729}.Release|Any CPU.ActiveCfg = Release|Win32
		{B15B71F6-83B8-4DBF-AD7E-0DEF0AD1D729}.Release|x64.ActiveCfg = Release|x64
		{B15B71F6-83B8-4DBF-AD7E-0DEF0AD1D729}.Release|x64.Build.0 = Release|x64
		{B15B71F6-83B8-4DBF-AD7E-0DEF0AD1D729}.Release|x86.ActiveCfg = Release|Win32
		{B15B71F6-83B8-4DBF-AD7E-0DEF0AD1D729}.Release|x86.Build.0 = Release|Win32
		{3EE17924-070D-4E49-AEDF-18FB3131BC0D}.Debug|Any CPU.ActiveCfg = Debug|Win32
		{3EE17924-070D-4E49-AEDF-18FB3131BC0D}.Debug|x64.ActiveCfg = Debug|x64
		{3EE17924-070D-4E49-AEDF-18FB3131BC0D}.Debug|x64.Build.0 = Debug|x64
		{3EE17924-070D-4E49-AEDF-18FB3131BC0D}.Debug|x86.ActiveCfg = Debug|Win32
		{3EE17924-070D-4E49-AEDF-18FB3131BC0D}.Debug|x86.Build.0 = Debug|Win32
		{3EE17924-070D-4E49-AEDF-18FB3131BC0D}.Release|Any CPU.ActiveCfg = Release|Win32
		{3EE17924-070D-4E49-AEDF-18FB3131BC0D}.Release|x64.ActiveCfg = Release|x64
		{3EE17924-070D-4E49-AEDF-18FB3131BC0D}.Release|x64.Build.0 = Release|x64
		{3EE17924-070D-4E49-AEDF-18FB3131BC0D}.Release|x86.ActiveCfg = Release|Win32
		{3EE17924-070D-4E49-AEDF-18FB3131BC0D}.Release|x86.Build.0 = Release|Win32
		{8A97479B-6DA2-4242-8078-F694D6DF2650}.Debug|Any CPU.ActiveCfg = Debug|Win32
		{8A97479B-6DA2-4242-8078-F694D6DF2650}.Debug|x64.ActiveCfg = Debug|x64
		{8A97479B-6DA2-4242-8078-F694D6DF2650}.Debug|x64.Build.0 = Debug|x64
		{8A97479B-6DA2-4242-8078-F694D6DF2650}.Debug|x86.ActiveCfg = Debug|Win32
		{8A97479B-6DA2-4242-8078-F694D6DF2650}.Debug|x86.Build.0 = Debug|Win32
		{8A97479B-6DA2-4242-8078-F694D6DF2650}.Release|Any CPU.ActiveCfg = Release|Win32
		{8A97479B-6DA2-4242-8078-F694D6DF2650}.Release|x64.ActiveCfg = Release|x64
		{8A97479B-6DA2-4242-8078-F694D6DF2650}.Release|x64.Build.0 = Release|x64
		{8A97479B-6DA2-4242-8078-F694D6DF2650}.Release|x86.ActiveCfg = Release|Win32
		{8A97479B-6DA2-4242-8078-F694D6DF2650}.Release|x86.Build.0 = Release|Win32
		{9D7E02E0-0933-4366-B586-93573BE77232}.Debug|Any CPU.ActiveCfg = Debug|Win32
		{9D7E02E0-0933-4366-B586-93573BE77232}.Debug|x64.ActiveCfg = Debug|x64
		{9D7E02E0-0933-4366-B586-93573BE77232}.Debug|x64.Build.0 = Debug|x64
		{9D7E02E0-0933-4366-B586-93573BE77232}.Debug|x86.ActiveCfg = Debug|Win32
		{9D7E02E0-0933-4366-B586-93573BE77232}.Debug|x86.Build.0 = Debug|Win32
		{9D7E02E0-0933-4366-B586-93573BE77232}.Release|Any CPU.ActiveCfg = Release|Win32
		{9D7E02E0-0933-4366-B586-93573BE77232}.Release|x64.ActiveCfg = Release|x64
		{9D7E02E0-0933-4366-B586-93573BE77232}.Release|x64.Build.0 = Release|x64
		{9D7E02E0-0933-4366-B586-93573BE77232}.Release|x86.ActiveCfg = Release|Win32
		{9D7E02E0-0933-4366-B586-93573BE77232}.Release|x86.Build.0 = Release|Win32
		{FA08050D-5807-42E6-9D9E-9ABBE3AF23C9}.Debug|Any CPU.ActiveCfg = Debug|Win32
		{FA08050D-5807-42E6-9D9E-9ABBE3AF23C9}.Debug|x64.ActiveCfg = Debug|x64
		{FA08050D-5807-42E6-9D9E-9ABBE3AF23C9}.Debug|x64.Build.0 = Debug|x64
		{FA08050D-5807-42E6-9D9E-9ABBE3AF23C9}.Debug|x86.ActiveCfg = Debug|Win32
		{FA08050D-5807-42E6-9D9E-9ABBE3AF23C9}.Debug|x86.Build.0 = Debug|Win32
		{FA08050D-5807-42E6-9D9E-9ABBE3AF23C9}.Release|Any CPU.ActiveCfg = Release|Win32
		{FA08050D-5807-42E6-9D9E-9ABBE3AF23C9}.Release|x64.ActiveCfg = Release|x64
		{FA08050D-5807-42E6-9D9E-9ABBE3AF23C9}.Release|x64.Build.0 = Release|x64
		{FA08050D-5807-42E6-9D9E-9ABBE3AF23C9}.Release|x86.ActiveCfg = Release|Win32
		{FA08050D-5807-42E6-9D9E-9ABBE3AF23C9}.Release|x86.Build.0 = Release|Win32
		{28B64DF0-2B1F-4051-B4A2-58345C5FCF34}.Debug|Any CPU.ActiveCfg = Debug|Win32
		{28B64DF0-2B1F-4051-B4A2-58345C5FCF34}.Debug|x64.ActiveCfg = Debug|x64
		{28B64DF0-2B1F-4051-B4A2-58345C5FCF34}.Debug|x64.Build.0 = Debug|x64
		{28B64DF0-2B1F-4051-B4A2-58345C5FCF34}.Debug|x86.ActiveCfg = Debug|Win32
		{28B64DF0-2B1F-4051-B4A2-58345C5FCF34}.Debug|x86.Build.0 = Debug|Win32
		{28B64DF0-2B1F-4051-B4A2-58345C5FCF34}.Release|Any CPU.ActiveCfg = Release|Win32
		{28B64DF0-2B1F-4051-B4A2-58345C5FCF34}.Release|x64.ActiveCfg = Release|x64
		{28B64DF0-2B1F-4051-B4A2-58345C5FCF34}.Release|x64.Build.0 = Release|x64
		{28B64DF0-2B1F-4051-B4A2-58345C5FCF34}.Release|x86.ActiveCfg = Release|Win32
		{28B64DF0-2B1F-4051-B4A2-58345C5FCF34}.Release|x86.Build.0 = Release|Win32
		{1532490A-1EC5-4851-929D-8A51D4A4C6B1}.Debug|Any CPU.ActiveCfg = Debug|Win32
		{1532490A-1EC5-4851-929D-8A51D4A4C6B1}.Debug|x64.ActiveCfg = Debug|x64
		{1532490A-1EC5-4851-929D-8A51D4A4C6B1}.Debug|x64.Build.0 = Debug|x64
		{1532490A-1EC5-4851-929D-8A51D4A4C6B1}.Debug|x86.ActiveCfg = Debug|Win32
		{1532490A-1EC5-4851-929D-8A51D4A4C6B1}.Debug|x86.Build.0 = Debug|Win32
		{1532490A-1EC5-4851-929D-8A51D4A4C6B1}.Release|Any CPU.ActiveCfg = Release|Win32
		{1532490A-1EC5-4851-929D-8A51D4A4C6B1}.Release|x64.ActiveCfg = Release|x64
		{1532490A-1EC5-4851-929D-8A51D4A4C6B1}.Release|x64.Build.0 = Release|x64
		{1532490A-1EC5-4851-929D-8A51D4A4C6B1}.Release|x86.ActiveCfg = Release|Win32
		{1532490A-1EC5-4851-929D-8A51D4A4C6B1}.Release|x86.Build.0 = Release|Win32
		{886E232E-C0B8-47C0-BE5C-5E50D4474893}.Debug|Any CPU.ActiveCfg = Debug|Win32
		{886E232E-C0B8-47C0-BE5C-5E50D4474893}.Debug|x64.ActiveCfg = Debug|x64
		{886E232E-C0B8-47C0-BE5C-5E50D4474893}.Debug|x64.Build.0 = Debug|x64
		{886E232E-C0B8-47C0-BE5C-5E50D4474893}.Debug|x86.ActiveCfg = Debug|Win32
		{886E232E-C0B8-47C0-BE5C-5E50D4474893}.Debug|x86.Build.0 = Debug|Win32
		{886E232E-C0B8-47C0-BE5C-5E50D4474893}.Release|Any CPU.ActiveCfg = Release|Win32
		{886E232E-C0B8-47C0-BE5C-5E50D4474893}.Release|x64.ActiveCfg = Release|x64
		{886E232E-C0B8-47C0-BE5C-5E50D4474893}.Release|x64.Build.0 = Release|x64
		{886E232E-C0B8-47C0-BE5C-5E50D4474893}.Release|x86.ActiveCfg = Release|Win32
		{886E232E-C0B8-47C0-BE5C-5E50D4474893}.Release|x86.Build.0 = Release|Win32
		{53165034-7909-4A69-84CB-3AAD6C1E9328}.Debug|Any CPU.ActiveCfg = Debug|Win32
		{53165034-7909-4A69-84CB-3AAD6C1E9328}.Debug|x64.ActiveCfg = Debug|x64
		{53165034-7909-4A69-84CB-3AAD6C1E9328}.Debug|x64.Build.0 = Debug|x64
		{53165034-7909-4A69-84CB-3AAD6C1E9328}.Debug|x86.ActiveCfg = Debug|Win32
		{53165034-7909-4A69-84CB-3AAD6C1E9328}.Debug|x86.Build.0 = Debug|Win32
		{53165034-7909-4A69-84CB-3AAD6C1E9328}.Release|Any CPU.ActiveCfg = Release|Win32
		{53165034-7909-4A69-84CB-3AAD6C1E9328}.Release|x64.ActiveCfg = Release|x64
		{53165034-7909-4A69-84CB-3AAD6C1E9328}.Release|x64.Build.0 = Release|x64
		{53165034-7909-4A69-84CB-3AAD6C1E9328}.Release|x86.ActiveCfg = Release|Win32
		{53165034-7909-4A69-84CB-3AAD6C1E9328}.Release|x86.Build.0 = Release|Win32
		{8E5F524F-6436-401E-BE96-6538BEB5F668}.Debug|Any CPU.ActiveCfg = Debug|Win32
		{8E5F524F-6436-401E-BE96-6538BEB5F668}.Debug|x64.ActiveCfg = Debug|x64
		{8E5F524F-6436-401E-BE96-6538BEB5F668}.Debug|x64.Build.0 = Debug|x64
		{8E5F524F-6436-401E-BE96-6538BEB5F668}.Debug|x86.ActiveCfg = Debug|Win32
		{8E5F524F-6436-401E-BE96-6538BEB5F668}.Debug|x86.Build.0 = Debug|Win32
		{8E5F524F-6436-401E-BE96-6538BEB5F668}.Release|Any CPU.ActiveCfg = Release|Win32
		{8E5F524F-6436-401E-BE96-6538BEB5F668}.Release|x64.ActiveCfg = Release|x64
		{8E5F524F-6436-401E-BE96-6538BEB5F668}.Release|x64.Build.0 = Release|x64
		{8E5F524F-6436-401E-BE96-6538BEB5F668}.Release|x86.ActiveCfg = Release|Win32
		{8E5F524F-6436-401E-BE96-6538BEB5F668}.Release|x86.Build.0 = Release|Win32
		{7F387FAE-C182-4B65-BBC9-824B2E251F6D}.Debug|Any CPU.ActiveCfg = Debug|Win32
		{7F387FAE-C182-4B65-BBC9-824B2E251F6D}.Debug|x64.ActiveCfg = Debug|x64
		{7F387FAE-C182-4B65-BBC9-824B2E251F6D}.Debug|x64.Build.0 = Debug|x64
		{7F387FAE-C182-4B65-BBC9-824B2E251F6D}.Debug|x86.ActiveCfg = Debug|Win32
		{7F387FAE-C182-4B65-BBC9-824B2E251F6D}.Debug|x86.Build.0 = Debug|Win32
		{7F387FAE-C182-4B65-BBC9-824B2E251F6D}.Release|Any CPU.ActiveCfg = Release|Win32
		{7F387FAE-C182-4B65-BBC9-824B2E251F6D}.Release|x64.ActiveCfg = Release|x64
		{7F387FAE-C182-4B65-BBC9-824B2E251F6D}.Release|x64.Build.0 = Release|x64
		{7F387FAE-C182-4B65-BBC9-824B2E251F6D}.Release|x86.ActiveCfg = Release|Win32
		{7F387FAE-C182-4B65-BBC9-824B2E251F6D}.Release|x86.Build.0 = Release|Win32
		{BB6C836E-AFBC-47C7-B537-9010B547E73A}.Debug|Any CPU.ActiveCfg = Debug|Win32
		{BB6C836E-AFBC-47C7-B537-9010B547E73A}.Debug|x64.ActiveCfg = Debug|x64
		{BB6C836E-AFBC-47C7-B537-9010B547E73A}.Debug|x64.Build.0 = Debug|x64
		{BB6C836E-AFBC-47C7-B537-9010B547E73A}.Debug|x86.ActiveCfg = Debug|Win32
		{BB6C836E-AFBC-47C7-B537-9010B547E73A}.Debug|x86.Build.0 = Debug|Win32
		{BB6C836E-AFBC-47C7-B537-9010B547E73A}.Release|Any CPU.ActiveCfg = Release|Win32
		{BB6C836E-AFBC-47C7-B537-9010B547E73A}.Release|x64.ActiveCfg = Release|x64
		{BB6C836E-AFBC-47C7-B537-9010B547E73A}.Release|x64.Build.0 = Release|x64
		{BB6C836E-AFBC-47C7-B537-9010B547E73A}.Release|x86.ActiveCfg = Release|Win32
		{BB6C836E-AFBC-47C7-B537-9010B547E73A}.Release|x86.Build.0 = Release|Win32
		{06FF1E88-85F8-431D-9ACD-2F2153F9224D}.Debug|Any CPU.ActiveCfg = Debug|Win32
		{06FF1E88-85F8-431D-9ACD-2F2153F9224D}.Debug|x64.ActiveCfg = Debug|x64
		{06FF1E88-85F8-431D-9ACD-2F2153F9224D}.Debug|x64.Build.0 = Debug|x64
		{06FF1E88-85F8-431D-9ACD-2F2153F9224D}.Debug|x86.ActiveCfg = Debug|Win32
		{06FF1E88-85F8-431D-9ACD-2F2153F9224D}.Debug|x86.Build.0 = Debug|Win32
		{06FF1E88-85F8-431D-9ACD-2F2153F9224D}.Release|Any CPU.ActiveCfg = Release|Win32
		{06FF1E88-85F8-431D-9ACD-2F2153F9224D}.Release|x64.ActiveCfg = Release|x64
		{06FF1E88-85F8-431D-9ACD-2F2153F9224D}.Release|x64.Build.0 = Release|x64
		{06FF1E88-85F8-431D-9ACD-2F2153F9224D}.Release|x86.ActiveCfg = Release|Win32
		{06FF1E88-85F8-431D-9ACD-2F2153F9224D}.Release|x86.Build.0 = Release|Win32
		{DF703F14-F9AE-4761-AF3A-DFA49627C2FE}.Debug|Any CPU.ActiveCfg = Debug|Win32
		{DF703F14-F9AE-4761-AF3A-DFA49627C2FE}.Debug|x64.ActiveCfg = Debug|x64
		{DF703F14-F9AE-4761-AF3A-DFA49627C2FE}.Debug|x64.Build.0 = Debug|x64
		{DF703F14-F9AE-4761-AF3A-DFA49627C2FE}.Debug|x86.ActiveCfg = Debug|Win32
		{DF703F14-F9AE-4761-AF3A-DFA49627C2FE}.Debug|x86.Build.0 = Debug|Win32
		{DF703F14-F9AE-4761-AF3A-DFA49627C2FE}.Release|Any CPU.ActiveCfg = Release|Win32
		{DF703F14-F9AE-4761-AF3A-DFA49627C2FE}.Release|x64.ActiveCfg = Release|x64
		{DF703F14-F9AE-4761-AF3A-DFA49627C2FE}.Release|x64.Build.0 = Release|x64
		{DF703F14-F9AE-4761-AF3A-DFA49627C2FE}.Release|x86.ActiveCfg = Release|Win32
		{DF703F14-F9AE-4761-AF3A-DFA49627C2FE}.Release|x86.Build.0 = Release|Win32
		{3506D91D-9422-4428-B639-D979373B6878}.Debug|Any CPU.ActiveCfg = Debug|Win32
		{3506D91D-9422-4428-B639-D979373B6878}.Debug|x64.ActiveCfg = Debug|x64
		{3506D91D-9422-4428-B639-D979373B6878}.Debug|x64.Build.0 = Debug|x64
		{3506D91D-9422-4428-B639-D979373B6878}.Debug|x86.ActiveCfg = Debug|Win32
		{3506D91D-9422-4428-B639-D979373B6878}.Debug|x86.Build.0 = Debug|Win32
		{3506D91D-9422-4428-B639-D979373B6878}.Release|Any CPU.ActiveCfg = Release|Win32
		{3506D91D-9422-4428-B639-D979373B6878}.Release|x64.ActiveCfg = Release|x64
		{3506D91D-9422-4428-B639-D979373B6878}.Release|x64.Build.0 = Release|x64
		{3506D91D-9422-4428-B639-D979373B6878}.Release|x86.ActiveCfg = Release|Win32
		{3506D91D-9422-4428-B639-D979373B6878}.Release|x86.Build.0 = Release|Win32
		{E964C17A-DC0A-44B1-9D44-2F3DFD0E87D6}.Debug|Any CPU.ActiveCfg = Debug|Win32
		{E964C17A-DC0A-44B1-9D44-2F3DFD0E87D6}.Debug|x64.ActiveCfg = Debug|x64
		{E964C17A-DC0A-44B1-9D44-2F3DFD0E87D6}.Debug|x64.Build.0 = Debug|x64
		{E964C17A-DC0A-44B1-9D44-2F3DFD0E87D6}.Debug|x86.ActiveCfg = Debug|Win32
		{E964C17A-DC0A-44B1-9D44-2F3DFD0E87D6}.Debug|x86.Build.0 = Debug|Win32
		{E964C17A-DC0A-44B1-9D44-2F3DFD0E87D6}.Release|Any CPU.ActiveCfg = Release|Win32
		{E964C17A-DC0A-44B1-9D44-2F3DFD0E87D6}.Release|x64.ActiveCfg = Release|x64
		{E964C17A-DC0A-44B1-9D44-2F3DFD0E87D6}.Release|x64.Build.0 = Release|x64
		{E964C17A-DC0A-44B1-9D44-2F3DFD0E87D6}.Release|x86.ActiveCfg = Release|Win32
		{E964C17A-DC0A-44B1-9D44-2F3DFD0E87D6}.Release|x86.Build.0 = Release|Win32
		{591693EC-75B0-46C6-AEBA-BCA20D6ECF66}.Debug|Any CPU.ActiveCfg = Debug|Win32
		{591693EC-75B0-46C6-AEBA-BCA20D6ECF66}.Debug|x64.ActiveCfg = Debug|x64
		{591693EC-75B0-46C6-AEBA-BCA20D6ECF66}.Debug|x64.Build.0 = Debug|x64
		{591693EC-75B0-46C6-AEBA-BCA20D6ECF66}.Debug|x86.ActiveCfg = Debug|Win32
		{591693EC-75B0-46C6-AEBA-BCA20D6ECF66}.Debug|x86.Build.0 = Debug|Win32
		{591693EC-75B0-46C6-AEBA-BCA20D6ECF66}.Release|Any CPU.ActiveCfg = Release|Win32
		{591693EC-75B0-46C6-AEBA-BCA20D6ECF66}.Release|x64.ActiveCfg = Release|x64
		{591693EC-75B0-46C6-AEBA-BCA20D6ECF66}.Release|x64.Build.0 = Release|x64
		{591693EC-75B0-46C6-AEBA-BCA20D6ECF66}.Release|x86.ActiveCfg = Release|Win32
		{591693EC-75B0-46C6-AEBA-BCA20D6ECF66}.Release|x86.Build.0 = Release|Win32
		{A443DE1A-0CB4-4D25-901E-B4078F366528}.Debug|Any CPU.ActiveCfg = Debug|Win32
		{A443DE1A-0CB4-4D25-901E-B4078F366528}.Debug|x64.ActiveCfg = Debug|x64
		{A443DE1A-0CB4-4D25-901E-B4078F366528}.Debug|x64.Build.0 = Debug|x64
		{A443DE1A-0CB4-4D25-901E-B4078F366528}.Debug|x86.ActiveCfg = Debug|Win32
		{A443DE1A-0CB4-4D25-901E-B4078F366528}.Debug|x86.Build.0 = Debug|Win32
		{A443DE1A-0CB4-4D25-901E-B4078F366528}.Release|Any CPU.ActiveCfg = Release|Win32
		{A443DE1A-0CB4-4D25-901E-B4078F366528}.Release|x64.ActiveCfg = Release|x64
		{A443DE1A-0CB4-4D25-901E-B4078F366528}.Release|x64.Build.0 = Release|x64
		{A443DE1A-0CB4-4D25-901E-B4078F366528}.Release|x86.ActiveCfg = Release|Win32
		{A443DE1A-0CB4-4D25-901E-B4078F366528}.Release|x86.Build.0 = Release|Win32
		{5410FC57-321E-43D5-837C-7A47033041B8}.Debug|Any CPU.ActiveCfg = Debug|Win32
		{5410FC57-321E-43D5-837C-7A47033041B8}.Debug|x64.ActiveCfg = Debug|x64
		{5410FC57-321E-43D5-837C-7A47033041B8}.Debug|x64.Build.0 = Debug|x64
		{5410FC57-321E-43D5-837C-7A47033041B8}.Debug|x86.ActiveCfg = Debug|Win32
		{5410FC57-321E-43D5-837C-7A47033041B8}.Debug|x86.Build.0 = Debug|Win32
		{5410FC57-321E-43D5-837C-7A47033041B8}.Release|Any CPU.ActiveCfg = Release|Win32
		{5410FC57-321E-43D5-837C-7A47033041B8}.Release|x64.ActiveCfg = Release|x64
		{5410FC57-321E-43D5-837C-7A47033041B8}.Release|x64.Build.0 = Release|x64
		{5410FC57-321E-43D5-837C-7A47033041B8}.Release|x86.ActiveCfg = Release|Win32
		{5410FC57-321E-43D5-837C-7A47033041B8}.Release|x86.Build.0 = Release|Win32
		{58C45C5A-2D9D-4BBE-A415-77077AE5C1A2}.Debug|Any CPU.ActiveCfg = Debug|Win32
		{58C45C5A-2D9D-4BBE-A415-77077AE5C1A2}.Debug|x64.ActiveCfg = Debug|x64
		{58C45C5A-2D9D-4BBE-A415-77077AE5C1A2}.Debug|x64.Build.0 = Debug|x64
		{58C45C5A-2D9D-4BBE-A415-77077AE5C1A2}.Debug|x86.ActiveCfg = Debug|Win32
		{58C45C5A-2D9D-4BBE-A415-77077AE5C1A2}.Debug|x86.Build.0 = Debug|Win32
		{58C45C5A-2D9D-4BBE-A415-77077AE5C1A2}.Release|Any CPU.ActiveCfg = Release|Win32
		{58C45C5A-2D9D-4BBE-A415-77077AE5C1A2}.Release|x64.ActiveCfg = Release|x64
		{58C45C5A-2D9D-4BBE-A415-77077AE5C1A2}.Release|x64.Build.0 = Release|x64
		{58C45C5A-2D9D-4BBE-A415-77077AE5C1A2}.Release|x86.ActiveCfg = Release|Win32
		{58C45C5A-2D9D-4BBE-A415-77077AE5C1A2}.Release|x86.Build.0 = Release|Win32
		{DF8582CA-473A-45CE-B7A4-C17D83D2D5BE}.Debug|Any CPU.ActiveCfg = Debug|Win32
		{DF8582CA-473A-45CE-B7A4-C17D83D2D5BE}.Debug|x64.ActiveCfg = Debug|x64
		{DF8582CA-473A-45CE-B7A4-C17D83D2D5BE}.Debug|x64.Build.0 = Debug|x64
		{DF8582CA-473A-45CE-B7A4-C17D83D2D5BE}.Debug|x86.ActiveCfg = Debug|Win32
		{DF8582CA-473A-45CE-B7A4-C17D83D2D5BE}.Debug|x86.Build.0 = Debug|Win32
		{DF8582CA-473A-45CE-B7A4-C17D83D2D5BE}.Release|Any CPU.ActiveCfg = Release|Win32
		{DF8582CA-473A-45CE-B7A4-C17D83D2D5BE}.Release|x64.ActiveCfg = Release|x64
		{DF8582CA-473A-45CE-B7A4-C17D83D2D5BE}.Release|x64.Build.0 = Release|x64
		{DF8582CA-473A-45CE-B7A4-C17D83D2D5BE}.Release|x86.ActiveCfg = Release|Win32
		{DF8582CA-473A-45CE-B7A4-C17D83D2D5BE}.Release|x86.Build.0 = Release|Win32
		{2DAC1653-0AB8-4036-B597-FF4D4152BE6E}.Debug|Any CPU.ActiveCfg = Debug|Win32
		{2DAC1653-0AB8-4036-B597-FF4D4152BE6E}.Debug|x64.ActiveCfg = Debug|x64
		{2DAC1653-0AB8-4036-B597-FF4D4152BE6E}.Debug|x64.Build.0 = Debug|x64
		{2DAC1653-0AB8-4036-B597-FF4D4152BE6E}.Debug|x86.ActiveCfg = Debug|Win32
		{2DAC1653-0AB8-4036-B597-FF4D4152BE6E}.Debug|x86.Build.0 = Debug|Win32
		{2DAC1653-0AB8-4036-B597-FF4D4152BE6E}.Release|Any CPU.ActiveCfg = Release|Win32
		{2DAC1653-0AB8-4036-B597-FF4D4152BE6E}.Release|x64.ActiveCfg = Release|x64
		{2DAC1653-0AB8-4036-B597-FF4D4152BE6E}.Release|x64.Build.0 = Release|x64
		{2DAC1653-0AB8-4036-B597-FF4D4152BE6E}.Release|x86.ActiveCfg = Release|Win32
		{2DAC1653-0AB8-4036-B597-FF4D4152BE6E}.Release|x86.Build.0 = Release|Win32
		{C7FC8CCD-3D44-4F42-A3A0-885857776EDF}.Debug|Any CPU.ActiveCfg = Debug|Win32
		{C7FC8CCD-3D44-4F42-A3A0-885857776EDF}.Debug|x64.ActiveCfg = Debug|x64
		{C7FC8CCD-3D44-4F42-A3A0-885857776EDF}.Debug|x64.Build.0 = Debug|x64
		{C7FC8CCD-3D44-4F42-A3A0-885857776EDF}.Debug|x86.ActiveCfg = Debug|Win32
		{C7FC8CCD-3D44-4F42-A3A0-885857776EDF}.Debug|x86.Build.0 = Debug|Win32
		{C7FC8CCD-3D44-4F42-A3A0-885857776EDF}.Release|Any CPU.ActiveCfg = Release|Win32
		{C7FC8CCD-3D44-4F42-A3A0-885857776EDF}.Release|x64.ActiveCfg = Release|x64
		{C7FC8CCD-3D44-4F42-A3A0-885857776EDF}.Release|x64.Build.0 = Release|x64
		{C7FC8CCD-3D44-4F42-A3A0-885857776EDF}.Release|x86.ActiveCfg = Release|Win32
		{C7FC8CCD-3D44-4F42-A3A0-885857776EDF}.Release|x86.Build.0 = Release|Win32
	EndGlobalSection
	GlobalSection(SolutionProperties) = preSolution
		HideSolutionNode = FALSE
	EndGlobalSection
	GlobalSection(ExtensibilityGlobals) = postSolution
		SolutionGuid = {045A42BA-B756-4EB6-B54B-753698675F60}
	EndGlobalSection
EndGlobal
