
Microsoft Visual Studio Solution File, Format Version 12.00
# Visual Studio Version 16
VisualStudioVersion = 16.0.29911.84
MinimumVisualStudioVersion = 10.0.40219.1
Project("{8BC9CEB8-8B4A-11D0-8D11-00A0C91BC942}") = "RaylibStarterCPP", "RaylibStarterCPP\RaylibStarterCPP.vcxproj", "{66F97E22-5E02-4257-B75C-DA71B7A17BFF}"
EndProject
Project("{8BC9CEB8-8B4A-11D0-8D11-00A0C91BC942}") = "AI_Seek", "AI_Seek\AI_Seek.vcxproj", "{94098AF3-3B4F-4B21-911B-8B3D9BDD8358}"
EndProject
Project("{8BC9CEB8-8B4A-11D0-8D11-00A0C91BC942}") = "AI_Agents", "AI_Agents\AI_Agents.vcxproj", "{43C47E4E-2F30-48D7-8ABE-BFA5C5F5798E}"
EndProject
Project("{D954291E-2A0B-460D-934E-DC6B0785DB48}") = "Raylib", "Raylib\Bindings\Raylib.shproj", "{F660FF67-D70E-4AE0-9080-D922243E9B6E}"
EndProject
Project("{FAE04EC0-301F-11D3-BF4B-00C04F79EFBC}") = "RaylibStarterCS", "RaylibStarterCS\RaylibStarterCS.csproj", "{BE6734CB-FA50-4A17-9283-95CF7F16A3B0}"
EndProject
Project("{8BC9CEB8-8B4A-11D0-8D11-00A0C91BC942}") = "AI_Flee", "AI_Flee\AI_Flee.vcxproj", "{B15B71F6-83B8-4DBF-AD7E-0DEF0AD1D729}"
EndProject
Project("{8BC9CEB8-8B4A-11D0-8D11-00A0C91BC942}") = "AI_Arrive", "AI_Arrive\AI_Arrive.vcxproj", "{3EE17924-070D-4E49-AEDF-18FB3131BC0D}"
EndProject
Project("{8BC9CEB8-8B4A-11D0-8D11-00A0C91BC942}") = "AI_Wander", "AI_Wander\AI_Wander.vcxproj", "{8A97479B-6DA2-4242-8078-F694D6DF2650}"
EndProject
Project("{8BC9CEB8-8B4A-11D0-8D11-00A0C91BC942}") = "AI_Blackboards", "AI_Blackboards\AI_Blackboards.vcxproj", "{9D7E02E0-0933-4366-B586-93573BE77232}"
EndProject
Global
	GlobalSection(SharedMSBuildProjectFiles) = preSolution
		Raylib\Bindings\Raylib.projitems*{be6734cb-fa50-4a17-9283-95cf7f16a3b0}*SharedItemsImports = 4
		Raylib\Bindings\Raylib.projitems*{f660ff67-d70e-4ae0-9080-d922243e9b6e}*SharedItemsImports = 13
	EndGlobalSection
	GlobalSection(SolutionConfigurationPlatforms) = preSolution
		Debug|Any CPU = Debug|Any CPU
		Debug|x64 = Debug|x64
		Debug|x86 = Debug|x86
		Release|Any CPU = Release|Any CPU
		Release|x64 = Release|x64
		Release|x86 = Release|x86
	EndGlobalSection
	GlobalSection(ProjectConfigurationPlatforms) = postSolution
		{66F97E22-5E02-4257-B75C-DA71B7A17BFF}.Debug|Any CPU.ActiveCfg = Debug|Win32
		{66F97E22-5E02-4257-B75C-DA71B7A17BFF}.Debug|x64.ActiveCfg = Debug|x64
		{66F97E22-5E02-4257-B75C-DA71B7A17BFF}.Debug|x64.Build.0 = Debug|x64
		{66F97E22-5E02-4257-B75C-DA71B7A17BFF}.Debug|x86.ActiveCfg = Debug|Win32
		{66F97E22-5E02-4257-B75C-DA71B7A17BFF}.Debug|x86.Build.0 = Debug|Win32
		{66F97E22-5E02-4257-B75C-DA71B7A17BFF}.Release|Any CPU.ActiveCfg = Release|Win32
		{66F97E22-5E02-4257-B75C-DA71B7A17BFF}.Release|x64.ActiveCfg = Release|x64
		{66F97E22-5E02-4257-B75C-DA71B7A17BFF}.Release|x64.Build.0 = Release|x64
		{66F97E22-5E02-4257-B75C-DA71B7A17BFF}.Release|x86.ActiveCfg = Release|Win32
		{66F97E22-5E02-4257-B75C-DA71B7A17BFF}.Release|x86.Build.0 = Release|Win32
		{94098AF3-3B4F-4B21-911B-8B3D9BDD8358}.Debug|Any CPU.ActiveCfg = Debug|Win32
		{94098AF3-3B4F-4B21-911B-8B3D9BDD8358}.Debug|x64.ActiveCfg = Debug|x64
		{94098AF3-3B4F-4B21-911B-8B3D9BDD8358}.Debug|x64.Build.0 = Debug|x64
		{94098AF3-3B4F-4B21-911B-8B3D9BDD8358}.Debug|x86.ActiveCfg = Debug|Win32
		{94098AF3-3B4F-4B21-911B-8B3D9BDD8358}.Debug|x86.Build.0 = Debug|Win32
		{94098AF3-3B4F-4B21-911B-8B3D9BDD8358}.Release|Any CPU.ActiveCfg = Release|Win32
		{94098AF3-3B4F-4B21-911B-8B3D9BDD8358}.Release|x64.ActiveCfg = Release|x64
		{94098AF3-3B4F-4B21-911B-8B3D9BDD8358}.Release|x64.Build.0 = Release|x64
		{94098AF3-3B4F-4B21-911B-8B3D9BDD8358}.Release|x86.ActiveCfg = Release|Win32
		{94098AF3-3B4F-4B21-911B-8B3D9BDD8358}.Release|x86.Build.0 = Release|Win32
		{43C47E4E-2F30-48D7-8ABE-BFA5C5F5798E}.Debug|Any CPU.ActiveCfg = Debug|Win32
		{43C47E4E-2F30-48D7-8ABE-BFA5C5F5798E}.Debug|x64.ActiveCfg = Debug|x64
		{43C47E4E-2F30-48D7-8ABE-BFA5C5F5798E}.Debug|x64.Build.0 = Debug|x64
		{43C47E4E-2F30-48D7-8ABE-BFA5C5F5798E}.Debug|x86.ActiveCfg = Debug|Win32
		{43C47E4E-2F30-48D7-8ABE-BFA5C5F5798E}.Debug|x86.Build.0 = Debug|Win32
		{43C47E4E-2F30-48D7-8ABE-BFA5C5F5798E}.Release|Any CPU.ActiveCfg = Release|Win32
		{43C47E4E-2F30-48D7-8ABE-BFA5C5F5798E}.Release|x64.ActiveCfg = Release|x64
		{43C47E4E-2F30-48D7-8ABE-BFA5C5F5798E}.Release|x64.Build.0 = Release|x64
		{43C47E4E-2F30-48D7-8ABE-BFA5C5F5798E}.Release|x86.ActiveCfg = Release|Win32
		{43C47E4E-2F30-48D7-8ABE-BFA5C5F5798E}.Release|x86.Build.0 = Release|Win32
		{BE6734CB-FA50-4A17-9283-95CF7F16A3B0}.Debug|Any CPU.ActiveCfg = Debug|Any CPU
		{BE6734CB-FA50-4A17-9283-95CF7F16A3B0}.Debug|Any CPU.Build.0 = Debug|Any CPU
		{BE6734CB-FA50-4A17-9283-95CF7F16A3B0}.Debug|x64.ActiveCfg = Debug|Any CPU
		{BE6734CB-FA50-4A17-9283-95CF7F16A3B0}.Debug|x64.Build.0 = Debug|Any CPU
		{BE6734CB-FA50-4A17-9283-95CF7F16A3B0}.Debug|x86.ActiveCfg = Debug|Any CPU
		{BE6734CB-FA50-4A17-9283-95CF7F16A3B0}.Debug|x86.Build.0 = Debug|Any CPU
		{BE6734CB-FA50-4A17-9283-95CF7F16A3B0}.Release|Any CPU.ActiveCfg = Release|Any CPU
		{BE6734CB-FA50-4A17-9283-95CF7F16A3B0}.Release|Any CPU.Build.0 = Release|Any CPU
		{BE6734CB-FA50-4A17-9283-95CF7F16A3B0}.Release|x64.ActiveCfg = Release|Any CPU
		{BE6734CB-FA50-4A17-9283-95CF7F16A3B0}.Release|x64.Build.0 = Release|Any CPU
		{BE6734CB-FA50-4A17-9283-95CF7F16A3B0}.Release|x86.ActiveCfg = Release|Any CPU
		{BE6734CB-FA50-4A17-9283-95CF7F16A3B0}.Release|x86.Build.0 = Release|Any CPU
		{B15B71F6-83B8-4DBF-AD7E-0DEF0AD1D729}.Debug|Any CPU.ActiveCfg = Debug|Win32
		{B15B71F6-83B8-4DBF-AD7E-0DEF0AD1D729}.Debug|x64.ActiveCfg = Debug|x64
		{B15B71F6-83B8-4DBF-AD7E-0DEF0AD1D729}.Debug|x64.Build.0 = Debug|x64
		{B15B71F6-83B8-4DBF-AD7E-0DEF0AD1D729}.Debug|x86.ActiveCfg = Debug|Win32
		{B15B71F6-83B8-4DBF-AD7E-0DEF0AD1D729}.Debug|x86.Build.0 = Debug|Win32
		{B15B71F6-83B8-4DBF-AD7E-0DEF0AD1D729}.Release|Any CPU.ActiveCfg = Release|Win32
		{B15B71F6-83B8-4DBF-AD7E-0DEF0AD1D729}.Release|x64.ActiveCfg = Release|x64
		{B15B71F6-83B8-4DBF-AD7E-0DEF0AD1D729}.Release|x64.Build.0 = Release|x64
		{B15B71F6-83B8-4DBF-AD7E-0DEF0AD1D729}.Release|x86.ActiveCfg = Release|Win32
		{B15B71F6-83B8-4DBF-AD7E-0DEF0AD1D729}.Release|x86.Build.0 = Release|Win32
		{3EE17924-070D-4E49-AEDF-18FB3131BC0D}.Debug|Any CPU.ActiveCfg = Debug|Win32
		{3EE17924-070D-4E49-AEDF-18FB3131BC0D}.Debug|x64.ActiveCfg = Debug|x64
		{3EE17924-070D-4E49-AEDF-18FB3131BC0D}.Debug|x64.Build.0 = Debug|x64
		{3EE17924-070D-4E49-AEDF-18FB3131BC0D}.Debug|x86.ActiveCfg = Debug|Win32
		{3EE17924-070D-4E49-AEDF-18FB3131BC0D}.Debug|x86.Build.0 = Debug|Win32
		{3EE17924-070D-4E49-AEDF-18FB3131BC0D}.Release|Any CPU.ActiveCfg = Release|Win32
		{3EE17924-070D-4E49-AEDF-18FB3131BC0D}.Release|x64.ActiveCfg = Release|x64
		{3EE17924-070D-4E49-AEDF-18FB3131BC0D}.Release|x64.Build.0 = Release|x64
		{3EE17924-070D-4E49-AEDF-18FB3131BC0D}.Release|x86.ActiveCfg = Release|Win32
		{3EE17924-070D-4E49-AEDF-18FB3131BC0D}.Release|x86.Build.0 = Release|Win32
		{8A97479B-6DA2-4242-8078-F694D6DF2650}.Debug|Any CPU.ActiveCfg = Debug|Win32
		{8A97479B-6DA2-4242-8078-F694D6DF2650}.Debug|x64.ActiveCfg = Debug|x64
		{8A97479B-6DA2-4242-8078-F694D6DF2650}.Debug|x64.Build.0 = Debug|x64
		{8A97479B-6DA2-4242-8078-F694D6DF2650}.Debug|x86.ActiveCfg = Debug|Win32
		{8A97479B-6DA2-4242-8078-F694D6DF2650}.Debug|x86.Build.0 = Debug|Win32
		{8A97479B-6DA2-4242-8078-F694D6DF2650}.Release|Any CPU.ActiveCfg = Release|Win32
		{8A97479B-6DA2-4242-8078-F694D6DF2650}.Release|x64.ActiveCfg = Release|x64
		{8A97479B-6DA2-4242-8078-F694D6DF2650}.Release|x64.Build.0 = Release|x64
		{8A97479B-6DA2-4242-8078-F694D6DF2650}.Release|x86.ActiveCfg = Release|Win32
		{8A97479B-6DA2-4242-8078-F694D6DF2650}.Release|x86.Build.0 = Release|Win32
		{9D7E02E0-0933-4366-B586-93573BE77232}.Debug|Any CPU.ActiveCfg = Debug|Win32
		{9D7E02E0-0933-4366-B586-93573BE77232}.Debug|x64.ActiveCfg = Debug|x64
		{9D7E02E0-0933-4366-B586-93573BE77232}.Debug|x64.Build.0 = Debug|x64
		{9D7E02E0-0933-4366-B586-93573BE77232}.Debug|x86.ActiveCfg = Debug|Win32
		{9D7E02E0-0933-4366-B586-93573BE77232}.Debug|x86.Build.0 = Debug|Win32
		{9D7E02E0-0933-4366-B586-93573BE77232}.Release|Any CPU.ActiveCfg = Release|Win32
		{9D7E02E0-0933-4366-B586-93573BE77232}.Release|x64.ActiveCfg = Release|x64
		{9D7E02E0-0933-4366-B586-93573BE77232}.Release|x64.Build.0 = Release|x64
		{9D7E02E0-0933-4366-B586-93573BE77232}.Release|x86.ActiveCfg = Release|Win32
		{9D7E02E0-0933-4366-B586-93573BE77232}.Release|x86.Build.0 = Release|Win32
	EndGlobalSection
	GlobalSection(SolutionProperties) = preSolution
		HideSolutionNode = FALSE
	EndGlobalSection
	GlobalSection(ExtensibilityGlobals) = postSolution
		SolutionGuid = {045A42BA-B756-4EB6-B54B-753698675F60}
	EndGlobalSection
EndGlobal
